buf.build/gen/go/bufbuild/knit/bufbuild/connect-go v1.7.0-20230504140941-3dc602456973.1 h1:UO5VZtfLW03qs8stGP9jDstQQzzAJdbZmlVtIOah280=
buf.build/gen/go/bufbuild/knit/bufbuild/connect-go v1.7.0-20230504140941-3dc602456973.1/go.mod h1:zE4qs0wSqtp0QpzXngvrgGLFy6ZBpL8EE2jSmdOUD+w=
buf.build/gen/go/bufbuild/knit/protocolbuffers/go v1.30.0-20230504140941-3dc602456973.1 h1:XBygYORdxM6ImtYu7NsJd94W2k5eYZAqUiOaly4jdyE=
buf.build/gen/go/bufbuild/knit/protocolbuffers/go v1.30.0-20230504140941-3dc602456973.1/go.mod h1:puJ8m7+AgZdN63sAJ02dpgbuhoFQN1URhTWULCBnALs=
buf.build/gen/go/bufbuild/reflect/bufbuild/connect-go v1.7.0-20230420145030-e29739ab7137.1 h1:ECRVpW0diaptsNDNEYBSbhJKJeGw6QCPoa52dzfLtks=
buf.build/gen/go/bufbuild/reflect/bufbuild/connect-go v1.7.0-20230420145030-e29739ab7137.1/go.mod h1:gzwu1YcTrzMzQSFAx2Y4E/BaZw3jjNFUyeT4P8KB0WE=
buf.build/gen/go/bufbuild/reflect/protocolbuffers/go v1.30.0-20230420145030-e29739ab7137.1 h1:mwU8iwM4GHaW1NEkBH3in+8GozE4lpxQDjMeJ9h99V4=
buf.build/gen/go/bufbuild/reflect/protocolbuffers/go v1.30.0-20230420145030-e29739ab7137.1/go.mod h1:BZWnirvcO66KgvR0Ex0hYZrXWugnFol3nV+Q0q4jSH4=
github.com/benbjohnson/clock v1.1.0 h1:Q92kusRqC1XV2MjkWETPvjJVqKetz1OzxZB7mHJLju8=
github.com/bradfitz/gomemcache v0.0.0-20230124162541-5f7a7d875746 h1:wAIE/kN63Oig1DdOzN7O+k4AbFh2cCJoKMFXrwRJtzk=
github.com/bradfitz/gomemcache v0.0.0-20230124162541-5f7a7d875746/go.mod h1:H0wQNHz2YrLsuXOZozoeDmnHXkNCRmMW0gwFWDfEZDA=
github.com/bufbuild/connect-go v1.7.0 h1:MGp82v7SCza+3RhsVhV7aMikwxvI3ZfD72YiGt8FYJo=
github.com/bufbuild/connect-go v1.7.0/go.mod h1:GmMJYR6orFqD0Y6ZgX8pwQ8j9baizDrIQMm1/a6LnHk=
github.com/bufbuild/connect-grpcreflect-go v1.0.1-0.20230317120624-8e24e9604364 h1:qiRIhoFC0QibU5hUHZNVM0Rgowsv4Kw6S1te+Q7WLPg=
github.com/bufbuild/connect-grpcreflect-go v1.0.1-0.20230317120624-8e24e9604364/go.mod h1:57KmO9HZ/NoysS7mdbbCzUq/y6ogUFIZv034OHUR1as=
github.com/bufbuild/prototransform v0.0.0-20230518140609-c3b595c56388 h1:oPDNLoNOH9jUVm4mGCGVn6XbHmgzAna/D/JQmnrzO98=
github.com/bufbuild/prototransform v0.0.0-20230518140609-c3b595c56388/go.mod h1:ccHdjxBFsll+5+9nhs0UBbu1ypZPVndoL+kaHsy1WCk=
github.com/creack/pty v1.1.9/go.mod h1:oKZEueFk5CKHvIhNR5MUki03XCEU+Q6VDXinZuGJ33E=
github.com/davecgh/go-spew v1.1.0/go.mod h1:J7Y8YcW2NihsgmVo/mv3lAwl/skON4iLHjSsI+c5H38=
github.com/davecgh/go-spew v1.1.1 h1:vj9j/u1bqnvCEfJOwUhtlOARqs3+rkHYY13jYWTU97c=
github.com/davecgh/go-spew v1.1.1/go.mod h1:J7Y8YcW2NihsgmVo/mv3lAwl/skON4iLHjSsI+c5H38=
github.com/golang/protobuf v1.5.0/go.mod h1:FsONVRAS9T7sI+LIUmWTfcYkHO4aIWwzhcaSAoJOfIk=
github.com/gomodule/redigo v1.8.9 h1:Sl3u+2BI/kk+VEatbj0scLdrFhjPmbxOc1myhDP41ws=
github.com/gomodule/redigo v1.8.9/go.mod h1:7ArFNvsTjH8GMMzB4uy1snslv2BwmginuMs06a1uzZE=
github.com/google/go-cmp v0.5.5/go.mod h1:v8dTdLbMG2kIc/vJvl+f65V22dbkXbowE6jgT/gNBxE=
github.com/google/go-cmp v0.5.9 h1:O2Tfq5qg4qc4AmwVlvv0oLiVAGB7enBSJ2x2DqQFi38=
github.com/google/go-cmp v0.5.9/go.mod h1:17dUlkBOakJ0+DkrSSNjCkIjxS6bF9zb3elmeNGIjoY=
github.com/kr/pretty v0.3.0 h1:WgNl7dwNpEZ6jJ9k1snq4pZsg7DOEN8hP9Xw0Tsjwk0=
github.com/kr/text v0.2.0 h1:5Nx0Ya0ZqY2ygV366QzturHI13Jq95ApcVaJBhpS+AY=
github.com/kr/text v0.2.0/go.mod h1:eLer722TekiGuMkidMxC/pM04lWEeraHUUmBw8l2grE=
github.com/pkg/errors v0.9.1 h1:FEBLx1zS214owpjy7qsBeixbURkuhQAwrK5UwLGTwt4=
github.com/pkg/errors v0.9.1/go.mod h1:bwawxfHBFNV+L2hUp1rHADufV3IMtnDRdf1r5NINEl0=
github.com/pmezard/go-difflib v1.0.0 h1:4DBwDE0NGyQoBHbLQYPwSUPoCMWR5BEzIk/f1lZbAQM=
github.com/pmezard/go-difflib v1.0.0/go.mod h1:iKH77koFhYxTK1pcRnkKkqfTogsbg7gZNVY4sRDYZ/4=
github.com/rogpeppe/go-internal v1.10.0 h1:TMyTOH3F/DB16zRVcYyreMH6GnZZrwQVAoYjRBZyWFQ=
github.com/rogpeppe/go-internal v1.10.0/go.mod h1:UQnix2H7Ngw/k4C5ijL5+65zddjncjaFoBhdsK/akog=
github.com/rs/cors v1.8.3 h1:O+qNyWn7Z+F9M0ILBHgMVPuB1xTOucVd5gtaYyXBpRo=
github.com/rs/cors v1.8.3/go.mod h1:XyqrcTp5zjWr1wsJ8PIRZssZ8b/WMcMf71DJnit4EMU=
github.com/stretchr/objx v0.1.0/go.mod h1:HFkY916IF+rwdDfMAkV7OtwuqBVzrE8GR6GFx+wExME=
github.com/stretchr/objx v0.4.0/go.mod h1:YvHI0jy2hoMjB+UWwv71VJQ9isScKT/TqJzVSSt89Yw=
github.com/stretchr/objx v0.5.0/go.mod h1:Yh+to48EsGEfYuaHDzXPcE3xhTkx73EhmCGUpEOglKo=
github.com/stretchr/testify v1.3.0/go.mod h1:M5WIy9Dh21IEIfnGCwXGc5bZfKNJtfHm1UVUgZn+9EI=
github.com/stretchr/testify v1.7.0/go.mod h1:6Fq8oRcR53rry900zMqJjRRixrwX3KX962/h/Wwjteg=
github.com/stretchr/testify v1.7.1/go.mod h1:6Fq8oRcR53rry900zMqJjRRixrwX3KX962/h/Wwjteg=
github.com/stretchr/testify v1.8.0/go.mod h1:yNjHg4UonilssWZ8iaSj1OCr/vHnekPRkoO+kdMU+MU=
github.com/stretchr/testify v1.8.2 h1:+h33VjcLVPDHtOdpUCuF+7gSuG3yGIftsP1YvFihtJ8=
github.com/stretchr/testify v1.8.2/go.mod h1:w2LPCIKwWwSfY2zedu0+kehJoqGctiVI29o6fzry7u4=
go.uber.org/atomic v1.7.0 h1:ADUqmZGgLDDfbSL9ZmPxKTybcoEYHgpYfELNoN+7hsw=
go.uber.org/atomic v1.7.0/go.mod h1:fEN4uk6kAWBTFdckzkM89CLk9XfWZrxpCo0nPH17wJc=
go.uber.org/goleak v1.1.11 h1:wy28qYRKZgnJTxGxvye5/wgWr1EKjmUDGYox5mGlRlI=
go.uber.org/multierr v1.6.0 h1:y6IPFStTAIT5Ytl7/XYmHvzXQ7S3g/IeZW9hyZ5thw4=
go.uber.org/multierr v1.6.0/go.mod h1:cdWPpRnG4AhwMwsgIHip0KRBQjJy5kYEpYjJxpXp9iU=
go.uber.org/zap v1.24.0 h1:FiJd5l1UOLj0wCgbSE0rwwXHzEdAZS6hiiSnxJN/D60=
go.uber.org/zap v1.24.0/go.mod h1:2kMP+WWQ8aoFoedH3T2sq6iJ2yDWpHbP0f6MQbS9Gkg=
golang.org/x/net v0.7.0 h1:rJrUqqhjsgNp7KqAIc25s9pZnjU7TUcSY7HcVZjdn1g=
golang.org/x/net v0.7.0/go.mod h1:2Tu9+aMcznHK/AK1HMvgo6xiTLG5rD5rZLDS+rp2Bjs=
golang.org/x/sync v0.1.0 h1:wsuoTGHzEhffawBOhz5CYhcrV4IdKZbEyZjBMuTp12o=
golang.org/x/sync v0.1.0/go.mod h1:RxMgew5VJxzue5/jJTE5uejpjVlOe/izrB70Jof72aM=
golang.org/x/text v0.7.0 h1:4BRB4x83lYWy72KwLD/qYDuTu7q9PjSagHvijDw7cLo=
golang.org/x/text v0.7.0/go.mod h1:mrYo+phRRbMaCq/xk9113O4dZlRixOauAjOtrjsXDZ8=
golang.org/x/xerrors v0.0.0-20191204190536-9bdfabe68543/go.mod h1:I/5z698sn9Ka8TeJc9MKroUUfqBBauWjQqLJ2OPfmY0=
google.golang.org/protobuf v1.26.0-rc.1/go.mod h1:jlhhOSvTdKEhbULTjvd4ARK9grFBp09yW+WbY/TyQbw=
google.golang.org/protobuf v1.30.0 h1:kPPoIgf3TsEvrm0PFe15JQ+570QVxYzEvvHqChK+cng=
google.golang.org/protobuf v1.30.0/go.mod h1:HV8QOd/L58Z+nl8r43ehVNZIU/HEI6OcFqwMG9pJV4I=
gopkg.in/check.v1 v0.0.0-20161208181325-20d25e280405/go.mod h1:Co6ibVJAznAaIkqp8huTwlJQCZ016jof/cbN4VW5Yz0=
gopkg.in/check.v1 v1.0.0-20201130134442-10cb98267c6c h1:Hei/4ADfdWqJk1ZMxUNpqntNwaWcugrBjAiHlqqRiVk=
gopkg.in/yaml.v3 v3.0.0-20200313102051-9f266ea9e77c/go.mod h1:K4uyk7z7BCEPqu6E+C64Yfv1cQ7kz7rIZviUmN+EgEM=
gopkg.in/yaml.v3 v3.0.1 h1:fxVm/GzAzEWqLHuvctI91KS9hhNmmWOoWu0XTYJS7CA=
gopkg.in/yaml.v3 v3.0.1/go.mod h1:K4uyk7z7BCEPqu6E+C64Yfv1cQ7kz7rIZviUmN+EgEM=
