buf.build/gen/go/bufbuild/knit/connectrpc/go v1.11.0-20230504140941-3dc602456973.1 h1:pbIvY80nvSvM2/8w/l+kAifN3vNPO6Pk4gkD6T/jLoM=
buf.build/gen/go/bufbuild/knit/connectrpc/go v1.11.0-20230504140941-3dc602456973.1/go.mod h1:X1ZTOWV1ca6rLBTpxgsv4GsLQ915vKruYFABjCzWios=
buf.build/gen/go/bufbuild/knit/protocolbuffers/go v1.31.0-20230504140941-3dc602456973.1 h1:Pp2OpK3rFM426Ls0ccRAho8ZUPUPR93rJdeE+WVMY/4=
buf.build/gen/go/bufbuild/knit/protocolbuffers/go v1.31.0-20230504140941-3dc602456973.1/go.mod h1:A7EIxpa1IFXhEc8GxEaOPIhiUc2xFObYIC6GdXzH1V8=
buf.build/gen/go/bufbuild/reflect/connectrpc/go v1.11.1-20230822193137-310c9c4845dd.1 h1:vRVEOlCkpizD0sEu158xtxG1S2mdD8PBjJ3wLpnFAjI=
buf.build/gen/go/bufbuild/reflect/connectrpc/go v1.11.1-20230822193137-310c9c4845dd.1/go.mod h1:PE//zal8mvgd274Qq+c+shTqQwNAZeXYzsQFK7VCgQc=
buf.build/gen/go/bufbuild/reflect/protocolbuffers/go v1.31.0-20230822193137-310c9c4845dd.1 h1:3+oRdbY2iV4IbwOxok+MiEnL33xceUpjG7NLdVseWkI=
buf.build/gen/go/bufbuild/reflect/protocolbuffers/go v1.31.0-20230822193137-310c9c4845dd.1/go.mod h1:3JED1QGgFgqC45IIPkydCq6dIcQKfG6/Ghf0RfKr2Ok=
connectrpc.com/connect v1.11.1 h1:dqRwblixqkVh+OFBOOL1yIf1jS/yP0MSJLijRj29bFg=
connectrpc.com/connect v1.11.1/go.mod h1:3AGaO6RRGMx5IKFfqbe3hvK1NqLosFNP2BxDYTPmNPo=
connectrpc.com/grpcreflect v1.2.0 h1:Q6og1S7HinmtbEuBvARLNwYmTbhEGRpHDhqrPNlmK+U=
connectrpc.com/grpcreflect v1.2.0/go.mod h1:nwSOKmE8nU5u/CidgHtPYk1PFI3U9ignz7iDMxOYkSY=
github.com/benbjohnson/clock v1.3.0 h1:ip6w0uFQkncKQ979AypyG0ER7mqUSBdKLOgAle/AT8A=
github.com/bradfitz/gomemcache v0.0.0-20230611145640-acc696258285 h1:Dr+ezPI5ivhMn/3WOoB86XzMhie146DNaBbhaQWZHMY=
github.com/bradfitz/gomemcache v0.0.0-20230611145640-acc696258285/go.mod h1:H0wQNHz2YrLsuXOZozoeDmnHXkNCRmMW0gwFWDfEZDA=
github.com/bufbuild/prototransform v0.4.0 h1:XqKyJiughXy7PKSHgaLI8O7xQLkhNL+gnyke4wr/daI=
github.com/bufbuild/prototransform v0.4.0/go.mod h1:M8jLwHlEZCGTLBWu4YxwkOjAUQSOjk0RtkbF0EWRZ2w=
github.com/davecgh/go-spew v1.1.0/go.mod h1:J7Y8YcW2NihsgmVo/mv3lAwl/skON4iLHjSsI+c5H38=
github.com/davecgh/go-spew v1.1.1 h1:vj9j/u1bqnvCEfJOwUhtlOARqs3+rkHYY13jYWTU97c=
github.com/davecgh/go-spew v1.1.1/go.mod h1:J7Y8YcW2NihsgmVo/mv3lAwl/skON4iLHjSsI+c5H38=
github.com/golang/protobuf v1.5.0/go.mod h1:FsONVRAS9T7sI+LIUmWTfcYkHO4aIWwzhcaSAoJOfIk=
github.com/gomodule/redigo v1.8.9 h1:Sl3u+2BI/kk+VEatbj0scLdrFhjPmbxOc1myhDP41ws=
github.com/gomodule/redigo v1.8.9/go.mod h1:7ArFNvsTjH8GMMzB4uy1snslv2BwmginuMs06a1uzZE=
github.com/google/go-cmp v0.5.5/go.mod h1:v8dTdLbMG2kIc/vJvl+f65V22dbkXbowE6jgT/gNBxE=
github.com/google/go-cmp v0.5.9 h1:O2Tfq5qg4qc4AmwVlvv0oLiVAGB7enBSJ2x2DqQFi38=
github.com/google/go-cmp v0.5.9/go.mod h1:17dUlkBOakJ0+DkrSSNjCkIjxS6bF9zb3elmeNGIjoY=
github.com/kr/pretty v0.3.0 h1:WgNl7dwNpEZ6jJ9k1snq4pZsg7DOEN8hP9Xw0Tsjwk0=
github.com/kr/text v0.2.0 h1:5Nx0Ya0ZqY2ygV366QzturHI13Jq95ApcVaJBhpS+AY=
github.com/pkg/errors v0.9.1 h1:FEBLx1zS214owpjy7qsBeixbURkuhQAwrK5UwLGTwt4=
github.com/pkg/errors v0.9.1/go.mod h1:bwawxfHBFNV+L2hUp1rHADufV3IMtnDRdf1r5NINEl0=
github.com/pmezard/go-difflib v1.0.0 h1:4DBwDE0NGyQoBHbLQYPwSUPoCMWR5BEzIk/f1lZbAQM=
github.com/pmezard/go-difflib v1.0.0/go.mod h1:iKH77koFhYxTK1pcRnkKkqfTogsbg7gZNVY4sRDYZ/4=
github.com/rogpeppe/go-internal v1.11.0 h1:cWPaGQEPrBb5/AsnsZesgZZ9yb1OQ+GOISoDNXVBh4M=
github.com/rogpeppe/go-internal v1.11.0/go.mod h1:ddIwULY96R17DhadqLgMfk9H9tvdUzkipdSkR5nkCZA=
github.com/rs/cors v1.9.0 h1:l9HGsTsHJcvW14Nk7J9KFz8bzeAWXn3CG6bgt7LsrAE=
github.com/rs/cors v1.9.0/go.mod h1:XyqrcTp5zjWr1wsJ8PIRZssZ8b/WMcMf71DJnit4EMU=
github.com/stretchr/objx v0.1.0/go.mod h1:HFkY916IF+rwdDfMAkV7OtwuqBVzrE8GR6GFx+wExME=
github.com/stretchr/testify v1.7.0/go.mod h1:6Fq8oRcR53rry900zMqJjRRixrwX3KX962/h/Wwjteg=
github.com/stretchr/testify v1.8.4 h1:CcVxjf3Q8PM0mHUKJCdn+eZZtm5yQwehR5yeSVQQcUk=
github.com/stretchr/testify v1.8.4/go.mod h1:sz/lmYIOXD/1dqDmKjjqLyZ2RngseejIcXlSw2iwfAo=
go.uber.org/goleak v1.2.0 h1:xqgm/S+aQvhWFTtR0XK3Jvg7z8kGV8P4X14IzwN3Eqk=
go.uber.org/multierr v1.11.0 h1:blXXJkSxSSfBVBlC76pxqeO+LN3aDfLQo+309xJstO0=
go.uber.org/multierr v1.11.0/go.mod h1:20+QtiLqy0Nd6FdQB9TLXag12DsQkrbs3htMFfDN80Y=
go.uber.org/zap v1.25.0 h1:4Hvk6GtkucQ790dqmj7l1eEnRdKm3k3ZUrUMS2d5+5c=
go.uber.org/zap v1.25.0/go.mod h1:JIAUzQIH94IC4fOJQm7gMmBJP5k7wQfdcnYdPoEXJYk=
golang.org/x/net v0.14.0 h1:BONx9s002vGdD9umnlX1Po8vOZmrgH34qlHcD1MfK14=
golang.org/x/net v0.14.0/go.mod h1:PpSgVXXLK0OxS0F31C1/tv6XNguvCrnXIDrFMspZIUI=
golang.org/x/sync v0.3.0 h1:ftCYgMx6zT/asHUrPw8BLLscYtGznsLAnjq5RH9P66E=
golang.org/x/sync v0.3.0/go.mod h1:FU7BRWz2tNW+3quACPkgCx/L+uEAv1htQ0V83Z9Rj+Y=
golang.org/x/text v0.12.0 h1:k+n5B8goJNdU7hSvEtMUz3d1Q6D/XW4COJSJR6fN0mc=
golang.org/x/text v0.12.0/go.mod h1:TvPlkZtksWOMsz7fbANvkp4WM8x/WCo/om8BMLbz+aE=
golang.org/x/xerrors v0.0.0-20191204190536-9bdfabe68543/go.mod h1:I/5z698sn9Ka8TeJc9MKroUUfqBBauWjQqLJ2OPfmY0=
google.golang.org/protobuf v1.26.0-rc.1/go.mod h1:jlhhOSvTdKEhbULTjvd4ARK9grFBp09yW+WbY/TyQbw=
google.golang.org/protobuf v1.31.0 h1:g0LDEJHgrBl9N9r17Ru3sqWhkIx2NB67okBHPwC7hs8=
google.golang.org/protobuf v1.31.0/go.mod h1:HV8QOd/L58Z+nl8r43ehVNZIU/HEI6OcFqwMG9pJV4I=
gopkg.in/check.v1 v0.0.0-20161208181325-20d25e280405/go.mod h1:Co6ibVJAznAaIkqp8huTwlJQCZ016jof/cbN4VW5Yz0=
gopkg.in/check.v1 v1.0.0-20201130134442-10cb98267c6c h1:Hei/4ADfdWqJk1ZMxUNpqntNwaWcugrBjAiHlqqRiVk=
gopkg.in/yaml.v3 v3.0.0-20200313102051-9f266ea9e77c/go.mod h1:K4uyk7z7BCEPqu6E+C64Yfv1cQ7kz7rIZviUmN+EgEM=
gopkg.in/yaml.v3 v3.0.1 h1:fxVm/GzAzEWqLHuvctI91KS9hhNmmWOoWu0XTYJS7CA=
gopkg.in/yaml.v3 v3.0.1/go.mod h1:K4uyk7z7BCEPqu6E+C64Yfv1cQ7kz7rIZviUmN+EgEM=
